// !$*UTF8*$!
{
	archiveVersion = 1;
	classes = {
	};
	objectVersion = 46;
	objects = {

/* Begin PBXBuildFile section */
		1DB24C654F1F08964FFF09C4 /* Pods_gameofchatsTests.framework in Frameworks */ = {isa = PBXBuildFile; fileRef = 093CEC89FFE1CC92EB9F8073 /* Pods_gameofchatsTests.framework */; };
		351CEEB61E955A9F006A1F02 /* LoginController.swift in Sources */ = {isa = PBXBuildFile; fileRef = 351CEEB51E955A9F006A1F02 /* LoginController.swift */; };
		3585E1FD1E9513BF0031B223 /* AppDelegate.swift in Sources */ = {isa = PBXBuildFile; fileRef = 3585E1FC1E9513BF0031B223 /* AppDelegate.swift */; };
		3585E1FF1E9513BF0031B223 /* MessagesController.swift in Sources */ = {isa = PBXBuildFile; fileRef = 3585E1FE1E9513BF0031B223 /* MessagesController.swift */; };
		3585E2021E9513BF0031B223 /* Main.storyboard in Resources */ = {isa = PBXBuildFile; fileRef = 3585E2001E9513BF0031B223 /* Main.storyboard */; };
		3585E2041E9513C00031B223 /* Assets.xcassets in Resources */ = {isa = PBXBuildFile; fileRef = 3585E2031E9513C00031B223 /* Assets.xcassets */; };
		3585E2071E9513C00031B223 /* LaunchScreen.storyboard in Resources */ = {isa = PBXBuildFile; fileRef = 3585E2051E9513C00031B223 /* LaunchScreen.storyboard */; };
		3585E2121E9513C20031B223 /* gameofchatsTests.swift in Sources */ = {isa = PBXBuildFile; fileRef = 3585E2111E9513C20031B223 /* gameofchatsTests.swift */; };
		3585E21D1E9513C20031B223 /* gameofchatsUITests.swift in Sources */ = {isa = PBXBuildFile; fileRef = 3585E21C1E9513C20031B223 /* gameofchatsUITests.swift */; };
		4A6D64E21E9620DF0052F4F9 /* GoogleService-Info.plist in Resources */ = {isa = PBXBuildFile; fileRef = 4A6D64E11E9620DF0052F4F9 /* GoogleService-Info.plist */; };
		4A85A5C21E96B3EA00E92974 /* NewMessageController.swift in Sources */ = {isa = PBXBuildFile; fileRef = 4A85A5C11E96B3EA00E92974 /* NewMessageController.swift */; };
		4A85A5C51E96BA4500E92974 /* User.swift in Sources */ = {isa = PBXBuildFile; fileRef = 4A85A5C41E96BA4500E92974 /* User.swift */; };
		4AA9E4381E9D094200842B0D /* LoginController+handlers.swift in Sources */ = {isa = PBXBuildFile; fileRef = 4AA9E4371E9D094200842B0D /* LoginController+handlers.swift */; };
		51B4834667AAD6A83848FAED /* Pods_gameofchats.framework in Frameworks */ = {isa = PBXBuildFile; fileRef = 207E7C7A4271C1309E6A21B8 /* Pods_gameofchats.framework */; };
		B13AB2F183F4620BA8C7AF5C /* Pods_gameofchatsUITests.framework in Frameworks */ = {isa = PBXBuildFile; fileRef = A8556E5E4E8C1B7D93ECDF0B /* Pods_gameofchatsUITests.framework */; };
/* End PBXBuildFile section */

/* Begin PBXContainerItemProxy section */
		3585E20E1E9513C20031B223 /* PBXContainerItemProxy */ = {
			isa = PBXContainerItemProxy;
			containerPortal = 3585E1F11E9513BD0031B223 /* Project object */;
			proxyType = 1;
			remoteGlobalIDString = 3585E1F81E9513BE0031B223;
			remoteInfo = gameofchats;
		};
		3585E2191E9513C20031B223 /* PBXContainerItemProxy */ = {
			isa = PBXContainerItemProxy;
			containerPortal = 3585E1F11E9513BD0031B223 /* Project object */;
			proxyType = 1;
			remoteGlobalIDString = 3585E1F81E9513BE0031B223;
			remoteInfo = gameofchats;
		};
/* End PBXContainerItemProxy section */

/* Begin PBXFileReference section */
		093CEC89FFE1CC92EB9F8073 /* Pods_gameofchatsTests.framework */ = {isa = PBXFileReference; explicitFileType = wrapper.framework; includeInIndex = 0; path = Pods_gameofchatsTests.framework; sourceTree = BUILT_PRODUCTS_DIR; };
		184D93147470157970245B9E /* Pods-gameofchats.debug.xcconfig */ = {isa = PBXFileReference; includeInIndex = 1; lastKnownFileType = text.xcconfig; name = "Pods-gameofchats.debug.xcconfig"; path = "Pods/Target Support Files/Pods-gameofchats/Pods-gameofchats.debug.xcconfig"; sourceTree = "<group>"; };
		207E7C7A4271C1309E6A21B8 /* Pods_gameofchats.framework */ = {isa = PBXFileReference; explicitFileType = wrapper.framework; includeInIndex = 0; path = Pods_gameofchats.framework; sourceTree = BUILT_PRODUCTS_DIR; };
		2B13FB6030C932977BB3630E /* Pods-gameofchatsTests.release.xcconfig */ = {isa = PBXFileReference; includeInIndex = 1; lastKnownFileType = text.xcconfig; name = "Pods-gameofchatsTests.release.xcconfig"; path = "Pods/Target Support Files/Pods-gameofchatsTests/Pods-gameofchatsTests.release.xcconfig"; sourceTree = "<group>"; };
		351CEEB51E955A9F006A1F02 /* LoginController.swift */ = {isa = PBXFileReference; fileEncoding = 4; lastKnownFileType = sourcecode.swift; path = LoginController.swift; sourceTree = "<group>"; };
		3585E1F91E9513BF0031B223 /* gameofchats.app */ = {isa = PBXFileReference; explicitFileType = wrapper.application; includeInIndex = 0; path = gameofchats.app; sourceTree = BUILT_PRODUCTS_DIR; };
		3585E1FC1E9513BF0031B223 /* AppDelegate.swift */ = {isa = PBXFileReference; lastKnownFileType = sourcecode.swift; path = AppDelegate.swift; sourceTree = "<group>"; };
		3585E1FE1E9513BF0031B223 /* MessagesController.swift */ = {isa = PBXFileReference; lastKnownFileType = sourcecode.swift; path = MessagesController.swift; sourceTree = "<group>"; };
		3585E2011E9513BF0031B223 /* Base */ = {isa = PBXFileReference; lastKnownFileType = file.storyboard; name = Base; path = Base.lproj/Main.storyboard; sourceTree = "<group>"; };
		3585E2031E9513C00031B223 /* Assets.xcassets */ = {isa = PBXFileReference; lastKnownFileType = folder.assetcatalog; path = Assets.xcassets; sourceTree = "<group>"; };
		3585E2061E9513C00031B223 /* Base */ = {isa = PBXFileReference; lastKnownFileType = file.storyboard; name = Base; path = Base.lproj/LaunchScreen.storyboard; sourceTree = "<group>"; };
		3585E2081E9513C00031B223 /* Info.plist */ = {isa = PBXFileReference; lastKnownFileType = text.plist.xml; path = Info.plist; sourceTree = "<group>"; };
		3585E20D1E9513C20031B223 /* gameofchatsTests.xctest */ = {isa = PBXFileReference; explicitFileType = wrapper.cfbundle; includeInIndex = 0; path = gameofchatsTests.xctest; sourceTree = BUILT_PRODUCTS_DIR; };
		3585E2111E9513C20031B223 /* gameofchatsTests.swift */ = {isa = PBXFileReference; lastKnownFileType = sourcecode.swift; path = gameofchatsTests.swift; sourceTree = "<group>"; };
		3585E2131E9513C20031B223 /* Info.plist */ = {isa = PBXFileReference; lastKnownFileType = text.plist.xml; path = Info.plist; sourceTree = "<group>"; };
		3585E2181E9513C20031B223 /* gameofchatsUITests.xctest */ = {isa = PBXFileReference; explicitFileType = wrapper.cfbundle; includeInIndex = 0; path = gameofchatsUITests.xctest; sourceTree = BUILT_PRODUCTS_DIR; };
		3585E21C1E9513C20031B223 /* gameofchatsUITests.swift */ = {isa = PBXFileReference; lastKnownFileType = sourcecode.swift; path = gameofchatsUITests.swift; sourceTree = "<group>"; };
		3585E21E1E9513C20031B223 /* Info.plist */ = {isa = PBXFileReference; lastKnownFileType = text.plist.xml; path = Info.plist; sourceTree = "<group>"; };
		370A5D208E5A96D6CA53F71F /* Pods-gameofchats.release.xcconfig */ = {isa = PBXFileReference; includeInIndex = 1; lastKnownFileType = text.xcconfig; name = "Pods-gameofchats.release.xcconfig"; path = "Pods/Target Support Files/Pods-gameofchats/Pods-gameofchats.release.xcconfig"; sourceTree = "<group>"; };
		4A6D64E11E9620DF0052F4F9 /* GoogleService-Info.plist */ = {isa = PBXFileReference; fileEncoding = 4; lastKnownFileType = text.plist.xml; path = "GoogleService-Info.plist"; sourceTree = "<group>"; };
		4A85A5C11E96B3EA00E92974 /* NewMessageController.swift */ = {isa = PBXFileReference; fileEncoding = 4; lastKnownFileType = sourcecode.swift; path = NewMessageController.swift; sourceTree = "<group>"; };
		4A85A5C41E96BA4500E92974 /* User.swift */ = {isa = PBXFileReference; fileEncoding = 4; lastKnownFileType = sourcecode.swift; path = User.swift; sourceTree = "<group>"; };
		4AA9E4371E9D094200842B0D /* LoginController+handlers.swift */ = {isa = PBXFileReference; fileEncoding = 4; lastKnownFileType = sourcecode.swift; path = "LoginController+handlers.swift"; sourceTree = "<group>"; };
		7C7D5F1214850F9EBFD15340 /* Pods-gameofchatsUITests.release.xcconfig */ = {isa = PBXFileReference; includeInIndex = 1; lastKnownFileType = text.xcconfig; name = "Pods-gameofchatsUITests.release.xcconfig"; path = "Pods/Target Support Files/Pods-gameofchatsUITests/Pods-gameofchatsUITests.release.xcconfig"; sourceTree = "<group>"; };
		89604EBB730BAD28D6678F2E /* Pods-gameofchatsUITests.debug.xcconfig */ = {isa = PBXFileReference; includeInIndex = 1; lastKnownFileType = text.xcconfig; name = "Pods-gameofchatsUITests.debug.xcconfig"; path = "Pods/Target Support Files/Pods-gameofchatsUITests/Pods-gameofchatsUITests.debug.xcconfig"; sourceTree = "<group>"; };
		A8556E5E4E8C1B7D93ECDF0B /* Pods_gameofchatsUITests.framework */ = {isa = PBXFileReference; explicitFileType = wrapper.framework; includeInIndex = 0; path = Pods_gameofchatsUITests.framework; sourceTree = BUILT_PRODUCTS_DIR; };
		DE5173AF74025764CA988402 /* Pods-gameofchatsTests.debug.xcconfig */ = {isa = PBXFileReference; includeInIndex = 1; lastKnownFileType = text.xcconfig; name = "Pods-gameofchatsTests.debug.xcconfig"; path = "Pods/Target Support Files/Pods-gameofchatsTests/Pods-gameofchatsTests.debug.xcconfig"; sourceTree = "<group>"; };
/* End PBXFileReference section */

/* Begin PBXFrameworksBuildPhase section */
		3585E1F61E9513BE0031B223 /* Frameworks */ = {
			isa = PBXFrameworksBuildPhase;
			buildActionMask = 2147483647;
			files = (
				51B4834667AAD6A83848FAED /* Pods_gameofchats.framework in Frameworks */,
			);
			runOnlyForDeploymentPostprocessing = 0;
		};
		3585E20A1E9513C20031B223 /* Frameworks */ = {
			isa = PBXFrameworksBuildPhase;
			buildActionMask = 2147483647;
			files = (
				1DB24C654F1F08964FFF09C4 /* Pods_gameofchatsTests.framework in Frameworks */,
			);
			runOnlyForDeploymentPostprocessing = 0;
		};
		3585E2151E9513C20031B223 /* Frameworks */ = {
			isa = PBXFrameworksBuildPhase;
			buildActionMask = 2147483647;
			files = (
				B13AB2F183F4620BA8C7AF5C /* Pods_gameofchatsUITests.framework in Frameworks */,
			);
			runOnlyForDeploymentPostprocessing = 0;
		};
/* End PBXFrameworksBuildPhase section */

/* Begin PBXGroup section */
		0595DDD86059A68F31FD8626 /* Pods */ = {
			isa = PBXGroup;
			children = (
				184D93147470157970245B9E /* Pods-gameofchats.debug.xcconfig */,
				370A5D208E5A96D6CA53F71F /* Pods-gameofchats.release.xcconfig */,
				DE5173AF74025764CA988402 /* Pods-gameofchatsTests.debug.xcconfig */,
				2B13FB6030C932977BB3630E /* Pods-gameofchatsTests.release.xcconfig */,
				89604EBB730BAD28D6678F2E /* Pods-gameofchatsUITests.debug.xcconfig */,
				7C7D5F1214850F9EBFD15340 /* Pods-gameofchatsUITests.release.xcconfig */,
			);
			name = Pods;
			sourceTree = "<group>";
		};
		351CEEB21E9558D5006A1F02 /* Controller */ = {
			isa = PBXGroup;
			children = (
				351CEEB51E955A9F006A1F02 /* LoginController.swift */,
				3585E1FE1E9513BF0031B223 /* MessagesController.swift */,
				4A85A5C11E96B3EA00E92974 /* NewMessageController.swift */,
				4AA9E4371E9D094200842B0D /* LoginController+handlers.swift */,
			);
			name = Controller;
			sourceTree = "<group>";
		};
		3585E1F01E9513BD0031B223 = {
			isa = PBXGroup;
			children = (
				3585E1FB1E9513BF0031B223 /* gameofchats */,
				3585E2101E9513C20031B223 /* gameofchatsTests */,
				3585E21B1E9513C20031B223 /* gameofchatsUITests */,
				3585E1FA1E9513BF0031B223 /* Products */,
				0595DDD86059A68F31FD8626 /* Pods */,
				F215A459DC9507AADAEB7262 /* Frameworks */,
			);
			sourceTree = "<group>";
		};
		3585E1FA1E9513BF0031B223 /* Products */ = {
			isa = PBXGroup;
			children = (
				3585E1F91E9513BF0031B223 /* gameofchats.app */,
				3585E20D1E9513C20031B223 /* gameofchatsTests.xctest */,
				3585E2181E9513C20031B223 /* gameofchatsUITests.xctest */,
			);
			name = Products;
			sourceTree = "<group>";
		};
		3585E1FB1E9513BF0031B223 /* gameofchats */ = {
			isa = PBXGroup;
			children = (
				4A85A5C31E96BA0700E92974 /* Model */,
				351CEEB21E9558D5006A1F02 /* Controller */,
				3585E1FC1E9513BF0031B223 /* AppDelegate.swift */,
				3585E2001E9513BF0031B223 /* Main.storyboard */,
				3585E2031E9513C00031B223 /* Assets.xcassets */,
				3585E2051E9513C00031B223 /* LaunchScreen.storyboard */,
				3585E2081E9513C00031B223 /* Info.plist */,
				4A6D64E11E9620DF0052F4F9 /* GoogleService-Info.plist */,
			);
			path = gameofchats;
			sourceTree = "<group>";
		};
		3585E2101E9513C20031B223 /* gameofchatsTests */ = {
			isa = PBXGroup;
			children = (
				3585E2111E9513C20031B223 /* gameofchatsTests.swift */,
				3585E2131E9513C20031B223 /* Info.plist */,
			);
			path = gameofchatsTests;
			sourceTree = "<group>";
		};
		3585E21B1E9513C20031B223 /* gameofchatsUITests */ = {
			isa = PBXGroup;
			children = (
				3585E21C1E9513C20031B223 /* gameofchatsUITests.swift */,
				3585E21E1E9513C20031B223 /* Info.plist */,
			);
			path = gameofchatsUITests;
			sourceTree = "<group>";
		};
		4A85A5C31E96BA0700E92974 /* Model */ = {
			isa = PBXGroup;
			children = (
				4A85A5C41E96BA4500E92974 /* User.swift */,
			);
			name = Model;
			sourceTree = "<group>";
		};
		F215A459DC9507AADAEB7262 /* Frameworks */ = {
			isa = PBXGroup;
			children = (
				207E7C7A4271C1309E6A21B8 /* Pods_gameofchats.framework */,
				093CEC89FFE1CC92EB9F8073 /* Pods_gameofchatsTests.framework */,
				A8556E5E4E8C1B7D93ECDF0B /* Pods_gameofchatsUITests.framework */,
			);
			name = Frameworks;
			sourceTree = "<group>";
		};
/* End PBXGroup section */

/* Begin PBXNativeTarget section */
		3585E1F81E9513BE0031B223 /* gameofchats */ = {
			isa = PBXNativeTarget;
			buildConfigurationList = 3585E2211E9513C30031B223 /* Build configuration list for PBXNativeTarget "gameofchats" */;
			buildPhases = (
				B451A6CB5E43B6F345F3B27F /* [CP] Check Pods Manifest.lock */,
				3585E1F51E9513BE0031B223 /* Sources */,
				3585E1F61E9513BE0031B223 /* Frameworks */,
				3585E1F71E9513BE0031B223 /* Resources */,
				3F501140EDFEBF61056847E6 /* [CP] Embed Pods Frameworks */,
				0F989186DFAF8B2CD5AE348B /* [CP] Copy Pods Resources */,
			);
			buildRules = (
			);
			dependencies = (
			);
			name = gameofchats;
			productName = gameofchats;
			productReference = 3585E1F91E9513BF0031B223 /* gameofchats.app */;
			productType = "com.apple.product-type.application";
		};
		3585E20C1E9513C20031B223 /* gameofchatsTests */ = {
			isa = PBXNativeTarget;
			buildConfigurationList = 3585E2241E9513C30031B223 /* Build configuration list for PBXNativeTarget "gameofchatsTests" */;
			buildPhases = (
				51D21A36B754C41EBC193EBC /* [CP] Check Pods Manifest.lock */,
				3585E2091E9513C20031B223 /* Sources */,
				3585E20A1E9513C20031B223 /* Frameworks */,
				3585E20B1E9513C20031B223 /* Resources */,
				30EC12C5BE8EAC0681C4057E /* [CP] Embed Pods Frameworks */,
				69E59F0CE418A661AA768E56 /* [CP] Copy Pods Resources */,
			);
			buildRules = (
			);
			dependencies = (
				3585E20F1E9513C20031B223 /* PBXTargetDependency */,
			);
			name = gameofchatsTests;
			productName = gameofchatsTests;
			productReference = 3585E20D1E9513C20031B223 /* gameofchatsTests.xctest */;
			productType = "com.apple.product-type.bundle.unit-test";
		};
		3585E2171E9513C20031B223 /* gameofchatsUITests */ = {
			isa = PBXNativeTarget;
			buildConfigurationList = 3585E2271E9513C30031B223 /* Build configuration list for PBXNativeTarget "gameofchatsUITests" */;
			buildPhases = (
				E56675B0F4E6B63AD848E25F /* [CP] Check Pods Manifest.lock */,
				3585E2141E9513C20031B223 /* Sources */,
				3585E2151E9513C20031B223 /* Frameworks */,
				3585E2161E9513C20031B223 /* Resources */,
				10B7D9107C05566FB994D4A5 /* [CP] Embed Pods Frameworks */,
				7B5387C5678D8FCB6C8B2445 /* [CP] Copy Pods Resources */,
			);
			buildRules = (
			);
			dependencies = (
				3585E21A1E9513C20031B223 /* PBXTargetDependency */,
			);
			name = gameofchatsUITests;
			productName = gameofchatsUITests;
			productReference = 3585E2181E9513C20031B223 /* gameofchatsUITests.xctest */;
			productType = "com.apple.product-type.bundle.ui-testing";
		};
/* End PBXNativeTarget section */

/* Begin PBXProject section */
		3585E1F11E9513BD0031B223 /* Project object */ = {
			isa = PBXProject;
			attributes = {
				LastSwiftUpdateCheck = 0830;
				LastUpgradeCheck = 0830;
				ORGANIZATIONNAME = "Harry Tennent";
				TargetAttributes = {
					3585E1F81E9513BE0031B223 = {
						CreatedOnToolsVersion = 8.3;
						DevelopmentTeam = TB92Z93P7Z;
						ProvisioningStyle = Automatic;
					};
					3585E20C1E9513C20031B223 = {
						CreatedOnToolsVersion = 8.3;
						ProvisioningStyle = Automatic;
						TestTargetID = 3585E1F81E9513BE0031B223;
					};
					3585E2171E9513C20031B223 = {
						CreatedOnToolsVersion = 8.3;
						ProvisioningStyle = Automatic;
						TestTargetID = 3585E1F81E9513BE0031B223;
					};
				};
			};
			buildConfigurationList = 3585E1F41E9513BE0031B223 /* Build configuration list for PBXProject "gameofchats" */;
			compatibilityVersion = "Xcode 3.2";
			developmentRegion = English;
			hasScannedForEncodings = 0;
			knownRegions = (
				en,
				Base,
			);
			mainGroup = 3585E1F01E9513BD0031B223;
			productRefGroup = 3585E1FA1E9513BF0031B223 /* Products */;
			projectDirPath = "";
			projectRoot = "";
			targets = (
				3585E1F81E9513BE0031B223 /* gameofchats */,
				3585E20C1E9513C20031B223 /* gameofchatsTests */,
				3585E2171E9513C20031B223 /* gameofchatsUITests */,
			);
		};
/* End PBXProject section */

/* Begin PBXResourcesBuildPhase section */
		3585E1F71E9513BE0031B223 /* Resources */ = {
			isa = PBXResourcesBuildPhase;
			buildActionMask = 2147483647;
			files = (
				3585E2071E9513C00031B223 /* LaunchScreen.storyboard in Resources */,
				4A6D64E21E9620DF0052F4F9 /* GoogleService-Info.plist in Resources */,
				3585E2041E9513C00031B223 /* Assets.xcassets in Resources */,
				3585E2021E9513BF0031B223 /* Main.storyboard in Resources */,
			);
			runOnlyForDeploymentPostprocessing = 0;
		};
		3585E20B1E9513C20031B223 /* Resources */ = {
			isa = PBXResourcesBuildPhase;
			buildActionMask = 2147483647;
			files = (
			);
			runOnlyForDeploymentPostprocessing = 0;
		};
		3585E2161E9513C20031B223 /* Resources */ = {
			isa = PBXResourcesBuildPhase;
			buildActionMask = 2147483647;
			files = (
			);
			runOnlyForDeploymentPostprocessing = 0;
		};
/* End PBXResourcesBuildPhase section */

/* Begin PBXShellScriptBuildPhase section */
		0F989186DFAF8B2CD5AE348B /* [CP] Copy Pods Resources */ = {
			isa = PBXShellScriptBuildPhase;
			buildActionMask = 2147483647;
			files = (
			);
			inputPaths = (
			);
			name = "[CP] Copy Pods Resources";
			outputPaths = (
			);
			runOnlyForDeploymentPostprocessing = 0;
			shellPath = /bin/sh;
			shellScript = "\"${SRCROOT}/Pods/Target Support Files/Pods-gameofchats/Pods-gameofchats-resources.sh\"\n";
			showEnvVarsInLog = 0;
		};
		10B7D9107C05566FB994D4A5 /* [CP] Embed Pods Frameworks */ = {
			isa = PBXShellScriptBuildPhase;
			buildActionMask = 2147483647;
			files = (
			);
			inputPaths = (
			);
			name = "[CP] Embed Pods Frameworks";
			outputPaths = (
			);
			runOnlyForDeploymentPostprocessing = 0;
			shellPath = /bin/sh;
			shellScript = "\"${SRCROOT}/Pods/Target Support Files/Pods-gameofchatsUITests/Pods-gameofchatsUITests-frameworks.sh\"\n";
			showEnvVarsInLog = 0;
		};
		30EC12C5BE8EAC0681C4057E /* [CP] Embed Pods Frameworks */ = {
			isa = PBXShellScriptBuildPhase;
			buildActionMask = 2147483647;
			files = (
			);
			inputPaths = (
			);
			name = "[CP] Embed Pods Frameworks";
			outputPaths = (
			);
			runOnlyForDeploymentPostprocessing = 0;
			shellPath = /bin/sh;
			shellScript = "\"${SRCROOT}/Pods/Target Support Files/Pods-gameofchatsTests/Pods-gameofchatsTests-frameworks.sh\"\n";
			showEnvVarsInLog = 0;
		};
		3F501140EDFEBF61056847E6 /* [CP] Embed Pods Frameworks */ = {
			isa = PBXShellScriptBuildPhase;
			buildActionMask = 2147483647;
			files = (
			);
			inputPaths = (
			);
			name = "[CP] Embed Pods Frameworks";
			outputPaths = (
			);
			runOnlyForDeploymentPostprocessing = 0;
			shellPath = /bin/sh;
			shellScript = "\"${SRCROOT}/Pods/Target Support Files/Pods-gameofchats/Pods-gameofchats-frameworks.sh\"\n";
			showEnvVarsInLog = 0;
		};
		51D21A36B754C41EBC193EBC /* [CP] Check Pods Manifest.lock */ = {
			isa = PBXShellScriptBuildPhase;
			buildActionMask = 2147483647;
			files = (
			);
			inputPaths = (
			);
			name = "[CP] Check Pods Manifest.lock";
			outputPaths = (
			);
			runOnlyForDeploymentPostprocessing = 0;
			shellPath = /bin/sh;
			shellScript = "diff \"${PODS_ROOT}/../Podfile.lock\" \"${PODS_ROOT}/Manifest.lock\" > /dev/null\nif [ $? != 0 ] ; then\n    # print error to STDERR\n    echo \"error: The sandbox is not in sync with the Podfile.lock. Run 'pod install' or update your CocoaPods installation.\" >&2\n    exit 1\nfi\n";
			showEnvVarsInLog = 0;
		};
		69E59F0CE418A661AA768E56 /* [CP] Copy Pods Resources */ = {
			isa = PBXShellScriptBuildPhase;
			buildActionMask = 2147483647;
			files = (
			);
			inputPaths = (
			);
			name = "[CP] Copy Pods Resources";
			outputPaths = (
			);
			runOnlyForDeploymentPostprocessing = 0;
			shellPath = /bin/sh;
			shellScript = "\"${SRCROOT}/Pods/Target Support Files/Pods-gameofchatsTests/Pods-gameofchatsTests-resources.sh\"\n";
			showEnvVarsInLog = 0;
		};
		7B5387C5678D8FCB6C8B2445 /* [CP] Copy Pods Resources */ = {
			isa = PBXShellScriptBuildPhase;
			buildActionMask = 2147483647;
			files = (
			);
			inputPaths = (
			);
			name = "[CP] Copy Pods Resources";
			outputPaths = (
			);
			runOnlyForDeploymentPostprocessing = 0;
			shellPath = /bin/sh;
			shellScript = "\"${SRCROOT}/Pods/Target Support Files/Pods-gameofchatsUITests/Pods-gameofchatsUITests-resources.sh\"\n";
			showEnvVarsInLog = 0;
		};
		B451A6CB5E43B6F345F3B27F /* [CP] Check Pods Manifest.lock */ = {
			isa = PBXShellScriptBuildPhase;
			buildActionMask = 2147483647;
			files = (
			);
			inputPaths = (
			);
			name = "[CP] Check Pods Manifest.lock";
			outputPaths = (
			);
			runOnlyForDeploymentPostprocessing = 0;
			shellPath = /bin/sh;
			shellScript = "diff \"${PODS_ROOT}/../Podfile.lock\" \"${PODS_ROOT}/Manifest.lock\" > /dev/null\nif [ $? != 0 ] ; then\n    # print error to STDERR\n    echo \"error: The sandbox is not in sync with the Podfile.lock. Run 'pod install' or update your CocoaPods installation.\" >&2\n    exit 1\nfi\n";
			showEnvVarsInLog = 0;
		};
		E56675B0F4E6B63AD848E25F /* [CP] Check Pods Manifest.lock */ = {
			isa = PBXShellScriptBuildPhase;
			buildActionMask = 2147483647;
			files = (
			);
			inputPaths = (
			);
			name = "[CP] Check Pods Manifest.lock";
			outputPaths = (
			);
			runOnlyForDeploymentPostprocessing = 0;
			shellPath = /bin/sh;
			shellScript = "diff \"${PODS_ROOT}/../Podfile.lock\" \"${PODS_ROOT}/Manifest.lock\" > /dev/null\nif [ $? != 0 ] ; then\n    # print error to STDERR\n    echo \"error: The sandbox is not in sync with the Podfile.lock. Run 'pod install' or update your CocoaPods installation.\" >&2\n    exit 1\nfi\n";
			showEnvVarsInLog = 0;
		};
/* End PBXShellScriptBuildPhase section */

/* Begin PBXSourcesBuildPhase section */
		3585E1F51E9513BE0031B223 /* Sources */ = {
			isa = PBXSourcesBuildPhase;
			buildActionMask = 2147483647;
			files = (
				4A85A5C21E96B3EA00E92974 /* NewMessageController.swift in Sources */,
				3585E1FF1E9513BF0031B223 /* MessagesController.swift in Sources */,
				4AA9E4381E9D094200842B0D /* LoginController+handlers.swift in Sources */,
				351CEEB61E955A9F006A1F02 /* LoginController.swift in Sources */,
				4A85A5C51E96BA4500E92974 /* User.swift in Sources */,
				3585E1FD1E9513BF0031B223 /* AppDelegate.swift in Sources */,
			);
			runOnlyForDeploymentPostprocessing = 0;
		};
		3585E2091E9513C20031B223 /* Sources */ = {
			isa = PBXSourcesBuildPhase;
			buildActionMask = 2147483647;
			files = (
				3585E2121E9513C20031B223 /* gameofchatsTests.swift in Sources */,
			);
			runOnlyForDeploymentPostprocessing = 0;
		};
		3585E2141E9513C20031B223 /* Sources */ = {
			isa = PBXSourcesBuildPhase;
			buildActionMask = 2147483647;
			files = (
				3585E21D1E9513C20031B223 /* gameofchatsUITests.swift in Sources */,
			);
			runOnlyForDeploymentPostprocessing = 0;
		};
/* End PBXSourcesBuildPhase section */

/* Begin PBXTargetDependency section */
		3585E20F1E9513C20031B223 /* PBXTargetDependency */ = {
			isa = PBXTargetDependency;
			target = 3585E1F81E9513BE0031B223 /* gameofchats */;
			targetProxy = 3585E20E1E9513C20031B223 /* PBXContainerItemProxy */;
		};
		3585E21A1E9513C20031B223 /* PBXTargetDependency */ = {
			isa = PBXTargetDependency;
			target = 3585E1F81E9513BE0031B223 /* gameofchats */;
			targetProxy = 3585E2191E9513C20031B223 /* PBXContainerItemProxy */;
		};
/* End PBXTargetDependency section */

/* Begin PBXVariantGroup section */
		3585E2001E9513BF0031B223 /* Main.storyboard */ = {
			isa = PBXVariantGroup;
			children = (
				3585E2011E9513BF0031B223 /* Base */,
			);
			name = Main.storyboard;
			sourceTree = "<group>";
		};
		3585E2051E9513C00031B223 /* LaunchScreen.storyboard */ = {
			isa = PBXVariantGroup;
			children = (
				3585E2061E9513C00031B223 /* Base */,
			);
			name = LaunchScreen.storyboard;
			sourceTree = "<group>";
		};
/* End PBXVariantGroup section */

/* Begin XCBuildConfiguration section */
		3585E21F1E9513C30031B223 /* Debug */ = {
			isa = XCBuildConfiguration;
			buildSettings = {
				ALWAYS_SEARCH_USER_PATHS = NO;
				CLANG_ANALYZER_NONNULL = YES;
				CLANG_ANALYZER_NUMBER_OBJECT_CONVERSION = YES_AGGRESSIVE;
				CLANG_CXX_LANGUAGE_STANDARD = "gnu++0x";
				CLANG_CXX_LIBRARY = "libc++";
				CLANG_ENABLE_MODULES = YES;
				CLANG_ENABLE_OBJC_ARC = YES;
				CLANG_WARN_BOOL_CONVERSION = YES;
				CLANG_WARN_CONSTANT_CONVERSION = YES;
				CLANG_WARN_DIRECT_OBJC_ISA_USAGE = YES_ERROR;
				CLANG_WARN_DOCUMENTATION_COMMENTS = YES;
				CLANG_WARN_EMPTY_BODY = YES;
				CLANG_WARN_ENUM_CONVERSION = YES;
				CLANG_WARN_INFINITE_RECURSION = YES;
				CLANG_WARN_INT_CONVERSION = YES;
				CLANG_WARN_OBJC_ROOT_CLASS = YES_ERROR;
				CLANG_WARN_SUSPICIOUS_MOVE = YES;
				CLANG_WARN_UNREACHABLE_CODE = YES;
				CLANG_WARN__DUPLICATE_METHOD_MATCH = YES;
				"CODE_SIGN_IDENTITY[sdk=iphoneos*]" = "iPhone Developer";
				COPY_PHASE_STRIP = NO;
				DEBUG_INFORMATION_FORMAT = dwarf;
				ENABLE_STRICT_OBJC_MSGSEND = YES;
				ENABLE_TESTABILITY = YES;
				GCC_C_LANGUAGE_STANDARD = gnu99;
				GCC_DYNAMIC_NO_PIC = NO;
				GCC_NO_COMMON_BLOCKS = YES;
				GCC_OPTIMIZATION_LEVEL = 0;
				GCC_PREPROCESSOR_DEFINITIONS = (
					"DEBUG=1",
					"$(inherited)",
				);
				GCC_WARN_64_TO_32_BIT_CONVERSION = YES;
				GCC_WARN_ABOUT_RETURN_TYPE = YES_ERROR;
				GCC_WARN_UNDECLARED_SELECTOR = YES;
				GCC_WARN_UNINITIALIZED_AUTOS = YES_AGGRESSIVE;
				GCC_WARN_UNUSED_FUNCTION = YES;
				GCC_WARN_UNUSED_VARIABLE = YES;
				IPHONEOS_DEPLOYMENT_TARGET = 10.3;
				MTL_ENABLE_DEBUG_INFO = YES;
				ONLY_ACTIVE_ARCH = YES;
				SDKROOT = iphoneos;
				SWIFT_ACTIVE_COMPILATION_CONDITIONS = DEBUG;
				SWIFT_OPTIMIZATION_LEVEL = "-Onone";
				TARGETED_DEVICE_FAMILY = "1,2";
			};
			name = Debug;
		};
		3585E2201E9513C30031B223 /* Release */ = {
			isa = XCBuildConfiguration;
			buildSettings = {
				ALWAYS_SEARCH_USER_PATHS = NO;
				CLANG_ANALYZER_NONNULL = YES;
				CLANG_ANALYZER_NUMBER_OBJECT_CONVERSION = YES_AGGRESSIVE;
				CLANG_CXX_LANGUAGE_STANDARD = "gnu++0x";
				CLANG_CXX_LIBRARY = "libc++";
				CLANG_ENABLE_MODULES = YES;
				CLANG_ENABLE_OBJC_ARC = YES;
				CLANG_WARN_BOOL_CONVERSION = YES;
				CLANG_WARN_CONSTANT_CONVERSION = YES;
				CLANG_WARN_DIRECT_OBJC_ISA_USAGE = YES_ERROR;
				CLANG_WARN_DOCUMENTATION_COMMENTS = YES;
				CLANG_WARN_EMPTY_BODY = YES;
				CLANG_WARN_ENUM_CONVERSION = YES;
				CLANG_WARN_INFINITE_RECURSION = YES;
				CLANG_WARN_INT_CONVERSION = YES;
				CLANG_WARN_OBJC_ROOT_CLASS = YES_ERROR;
				CLANG_WARN_SUSPICIOUS_MOVE = YES;
				CLANG_WARN_UNREACHABLE_CODE = YES;
				CLANG_WARN__DUPLICATE_METHOD_MATCH = YES;
				"CODE_SIGN_IDENTITY[sdk=iphoneos*]" = "iPhone Developer";
				COPY_PHASE_STRIP = NO;
				DEBUG_INFORMATION_FORMAT = "dwarf-with-dsym";
				ENABLE_NS_ASSERTIONS = NO;
				ENABLE_STRICT_OBJC_MSGSEND = YES;
				GCC_C_LANGUAGE_STANDARD = gnu99;
				GCC_NO_COMMON_BLOCKS = YES;
				GCC_WARN_64_TO_32_BIT_CONVERSION = YES;
				GCC_WARN_ABOUT_RETURN_TYPE = YES_ERROR;
				GCC_WARN_UNDECLARED_SELECTOR = YES;
				GCC_WARN_UNINITIALIZED_AUTOS = YES_AGGRESSIVE;
				GCC_WARN_UNUSED_FUNCTION = YES;
				GCC_WARN_UNUSED_VARIABLE = YES;
				IPHONEOS_DEPLOYMENT_TARGET = 10.3;
				MTL_ENABLE_DEBUG_INFO = NO;
				SDKROOT = iphoneos;
				SWIFT_OPTIMIZATION_LEVEL = "-Owholemodule";
				TARGETED_DEVICE_FAMILY = "1,2";
				VALIDATE_PRODUCT = YES;
			};
			name = Release;
		};
		3585E2221E9513C30031B223 /* Debug */ = {
			isa = XCBuildConfiguration;
			baseConfigurationReference = 184D93147470157970245B9E /* Pods-gameofchats.debug.xcconfig */;
			buildSettings = {
				ASSETCATALOG_COMPILER_APPICON_NAME = AppIcon;
				DEVELOPMENT_TEAM = TB92Z93P7Z;
				INFOPLIST_FILE = gameofchats/Info.plist;
				LD_RUNPATH_SEARCH_PATHS = "$(inherited) @executable_path/Frameworks";
				PRODUCT_BUNDLE_IDENTIFIER = hjt.gameofchats;
				PRODUCT_NAME = "$(TARGET_NAME)";
				SWIFT_VERSION = 3.0;
			};
			name = Debug;
		};
		3585E2231E9513C30031B223 /* Release */ = {
			isa = XCBuildConfiguration;
			baseConfigurationReference = 370A5D208E5A96D6CA53F71F /* Pods-gameofchats.release.xcconfig */;
			buildSettings = {
				ASSETCATALOG_COMPILER_APPICON_NAME = AppIcon;
				DEVELOPMENT_TEAM = TB92Z93P7Z;
				INFOPLIST_FILE = gameofchats/Info.plist;
				LD_RUNPATH_SEARCH_PATHS = "$(inherited) @executable_path/Frameworks";
				PRODUCT_BUNDLE_IDENTIFIER = hjt.gameofchats;
				PRODUCT_NAME = "$(TARGET_NAME)";
				SWIFT_VERSION = 3.0;
			};
			name = Release;
		};
		3585E2251E9513C30031B223 /* Debug */ = {
			isa = XCBuildConfiguration;
			baseConfigurationReference = DE5173AF74025764CA988402 /* Pods-gameofchatsTests.debug.xcconfig */;
			buildSettings = {
				ALWAYS_EMBED_SWIFT_STANDARD_LIBRARIES = YES;
				BUNDLE_LOADER = "$(TEST_HOST)";
				INFOPLIST_FILE = gameofchatsTests/Info.plist;
				LD_RUNPATH_SEARCH_PATHS = "$(inherited) @executable_path/Frameworks @loader_path/Frameworks";
				PRODUCT_BUNDLE_IDENTIFIER = hjt.gameofchatsTests;
				PRODUCT_NAME = "$(TARGET_NAME)";
				SWIFT_VERSION = 3.0;
				TEST_HOST = "$(BUILT_PRODUCTS_DIR)/gameofchats.app/gameofchats";
			};
			name = Debug;
		};
		3585E2261E9513C30031B223 /* Release */ = {
			isa = XCBuildConfiguration;
			baseConfigurationReference = 2B13FB6030C932977BB3630E /* Pods-gameofchatsTests.release.xcconfig */;
			buildSettings = {
				ALWAYS_EMBED_SWIFT_STANDARD_LIBRARIES = YES;
				BUNDLE_LOADER = "$(TEST_HOST)";
				INFOPLIST_FILE = gameofchatsTests/Info.plist;
				LD_RUNPATH_SEARCH_PATHS = "$(inherited) @executable_path/Frameworks @loader_path/Frameworks";
				PRODUCT_BUNDLE_IDENTIFIER = hjt.gameofchatsTests;
				PRODUCT_NAME = "$(TARGET_NAME)";
				SWIFT_VERSION = 3.0;
				TEST_HOST = "$(BUILT_PRODUCTS_DIR)/gameofchats.app/gameofchats";
			};
			name = Release;
		};
		3585E2281E9513C30031B223 /* Debug */ = {
			isa = XCBuildConfiguration;
			baseConfigurationReference = 89604EBB730BAD28D6678F2E /* Pods-gameofchatsUITests.debug.xcconfig */;
			buildSettings = {
				ALWAYS_EMBED_SWIFT_STANDARD_LIBRARIES = YES;
				INFOPLIST_FILE = gameofchatsUITests/Info.plist;
				LD_RUNPATH_SEARCH_PATHS = "$(inherited) @executable_path/Frameworks @loader_path/Frameworks";
				PRODUCT_BUNDLE_IDENTIFIER = hjt.gameofchatsUITests;
				PRODUCT_NAME = "$(TARGET_NAME)";
				SWIFT_VERSION = 3.0;
				TEST_TARGET_NAME = gameofchats;
			};
			name = Debug;
		};
		3585E2291E9513C30031B223 /* Release */ = {
			isa = XCBuildConfiguration;
			baseConfigurationReference = 7C7D5F1214850F9EBFD15340 /* Pods-gameofchatsUITests.release.xcconfig */;
			buildSettings = {
				ALWAYS_EMBED_SWIFT_STANDARD_LIBRARIES = YES;
				INFOPLIST_FILE = gameofchatsUITests/Info.plist;
				LD_RUNPATH_SEARCH_PATHS = "$(inherited) @executable_path/Frameworks @loader_path/Frameworks";
				PRODUCT_BUNDLE_IDENTIFIER = hjt.gameofchatsUITests;
				PRODUCT_NAME = "$(TARGET_NAME)";
				SWIFT_VERSION = 3.0;
				TEST_TARGET_NAME = gameofchats;
			};
			name = Release;
		};
/* End XCBuildConfiguration section */

/* Begin XCConfigurationList section */
		3585E1F41E9513BE0031B223 /* Build configuration list for PBXProject "gameofchats" */ = {
			isa = XCConfigurationList;
			buildConfigurations = (
				3585E21F1E9513C30031B223 /* Debug */,
				3585E2201E9513C30031B223 /* Release */,
			);
			defaultConfigurationIsVisible = 0;
			defaultConfigurationName = Release;
		};
		3585E2211E9513C30031B223 /* Build configuration list for PBXNativeTarget "gameofchats" */ = {
			isa = XCConfigurationList;
			buildConfigurations = (
				3585E2221E9513C30031B223 /* Debug */,
				3585E2231E9513C30031B223 /* Release */,
			);
			defaultConfigurationIsVisible = 0;
			defaultConfigurationName = Release;
		};
		3585E2241E9513C30031B223 /* Build configuration list for PBXNativeTarget "gameofchatsTests" */ = {
			isa = XCConfigurationList;
			buildConfigurations = (
				3585E2251E9513C30031B223 /* Debug */,
				3585E2261E9513C30031B223 /* Release */,
			);
			defaultConfigurationIsVisible = 0;
			defaultConfigurationName = Release;
		};
		3585E2271E9513C30031B223 /* Build configuration list for PBXNativeTarget "gameofchatsUITests" */ = {
			isa = XCConfigurationList;
			buildConfigurations = (
				3585E2281E9513C30031B223 /* Debug */,
				3585E2291E9513C30031B223 /* Release */,
			);
			defaultConfigurationIsVisible = 0;
			defaultConfigurationName = Release;
		};
/* End XCConfigurationList section */
	};
	rootObject = 3585E1F11E9513BD0031B223 /* Project object */;
}
