// !$*UTF8*$!
{
	archiveVersion = 1;
	classes = {
	};
	objectVersion = 46;
	objects = {

/* Begin PBXBuildFile section */
		3585E1FD1E9513BF0031B223 /* AppDelegate.swift in Sources */ = {isa = PBXBuildFile; fileRef = 3585E1FC1E9513BF0031B223 /* AppDelegate.swift */; };
		3585E1FF1E9513BF0031B223 /* ViewController.swift in Sources */ = {isa = PBXBuildFile; fileRef = 3585E1FE1E9513BF0031B223 /* ViewController.swift */; };
		3585E2021E9513BF0031B223 /* Main.storyboard in Resources */ = {isa = PBXBuildFile; fileRef = 3585E2001E9513BF0031B223 /* Main.storyboard */; };
		3585E2041E9513C00031B223 /* Assets.xcassets in Resources */ = {isa = PBXBuildFile; fileRef = 3585E2031E9513C00031B223 /* Assets.xcassets */; };
		3585E2071E9513C00031B223 /* LaunchScreen.storyboard in Resources */ = {isa = PBXBuildFile; fileRef = 3585E2051E9513C00031B223 /* LaunchScreen.storyboard */; };
		3585E2121E9513C20031B223 /* gameofchatsTests.swift in Sources */ = {isa = PBXBuildFile; fileRef = 3585E2111E9513C20031B223 /* gameofchatsTests.swift */; };
		3585E21D1E9513C20031B223 /* gameofchatsUITests.swift in Sources */ = {isa = PBXBuildFile; fileRef = 3585E21C1E9513C20031B223 /* gameofchatsUITests.swift */; };
/* End PBXBuildFile section */

/* Begin PBXContainerItemProxy section */
		3585E20E1E9513C20031B223 /* PBXContainerItemProxy */ = {
			isa = PBXContainerItemProxy;
			containerPortal = 3585E1F11E9513BD0031B223 /* Project object */;
			proxyType = 1;
			remoteGlobalIDString = 3585E1F81E9513BE0031B223;
			remoteInfo = gameofchats;
		};
		3585E2191E9513C20031B223 /* PBXContainerItemProxy */ = {
			isa = PBXContainerItemProxy;
			containerPortal = 3585E1F11E9513BD0031B223 /* Project object */;
			proxyType = 1;
			remoteGlobalIDString = 3585E1F81E9513BE0031B223;
			remoteInfo = gameofchats;
		};
/* End PBXContainerItemProxy section */

/* Begin PBXFileReference section */
		3585E1F91E9513BF0031B223 /* gameofchats.app */ = {isa = PBXFileReference; explicitFileType = wrapper.application; includeInIndex = 0; path = gameofchats.app; sourceTree = BUILT_PRODUCTS_DIR; };
		3585E1FC1E9513BF0031B223 /* AppDelegate.swift */ = {isa = PBXFileReference; lastKnownFileType = sourcecode.swift; path = AppDelegate.swift; sourceTree = "<group>"; };
		3585E1FE1E9513BF0031B223 /* ViewController.swift */ = {isa = PBXFileReference; lastKnownFileType = sourcecode.swift; path = ViewController.swift; sourceTree = "<group>"; };
		3585E2011E9513BF0031B223 /* Base */ = {isa = PBXFileReference; lastKnownFileType = file.storyboard; name = Base; path = Base.lproj/Main.storyboard; sourceTree = "<group>"; };
		3585E2031E9513C00031B223 /* Assets.xcassets */ = {isa = PBXFileReference; lastKnownFileType = folder.assetcatalog; path = Assets.xcassets; sourceTree = "<group>"; };
		3585E2061E9513C00031B223 /* Base */ = {isa = PBXFileReference; lastKnownFileType = file.storyboard; name = Base; path = Base.lproj/LaunchScreen.storyboard; sourceTree = "<group>"; };
		3585E2081E9513C00031B223 /* Info.plist */ = {isa = PBXFileReference; lastKnownFileType = text.plist.xml; path = Info.plist; sourceTree = "<group>"; };
		3585E20D1E9513C20031B223 /* gameofchatsTests.xctest */ = {isa = PBXFileReference; explicitFileType = wrapper.cfbundle; includeInIndex = 0; path = gameofchatsTests.xctest; sourceTree = BUILT_PRODUCTS_DIR; };
		3585E2111E9513C20031B223 /* gameofchatsTests.swift */ = {isa = PBXFileReference; lastKnownFileType = sourcecode.swift; path = gameofchatsTests.swift; sourceTree = "<group>"; };
		3585E2131E9513C20031B223 /* Info.plist */ = {isa = PBXFileReference; lastKnownFileType = text.plist.xml; path = Info.plist; sourceTree = "<group>"; };
		3585E2181E9513C20031B223 /* gameofchatsUITests.xctest */ = {isa = PBXFileReference; explicitFileType = wrapper.cfbundle; includeInIndex = 0; path = gameofchatsUITests.xctest; sourceTree = BUILT_PRODUCTS_DIR; };
		3585E21C1E9513C20031B223 /* gameofchatsUITests.swift */ = {isa = PBXFileReference; lastKnownFileType = sourcecode.swift; path = gameofchatsUITests.swift; sourceTree = "<group>"; };
		3585E21E1E9513C20031B223 /* Info.plist */ = {isa = PBXFileReference; lastKnownFileType = text.plist.xml; path = Info.plist; sourceTree = "<group>"; };
/* End PBXFileReference section */

/* Begin PBXFrameworksBuildPhase section */
		3585E1F61E9513BE0031B223 /* Frameworks */ = {
			isa = PBXFrameworksBuildPhase;
			buildActionMask = 2147483647;
			files = (
			);
			runOnlyForDeploymentPostprocessing = 0;
		};
		3585E20A1E9513C20031B223 /* Frameworks */ = {
			isa = PBXFrameworksBuildPhase;
			buildActionMask = 2147483647;
			files = (
			);
			runOnlyForDeploymentPostprocessing = 0;
		};
		3585E2151E9513C20031B223 /* Frameworks */ = {
			isa = PBXFrameworksBuildPhase;
			buildActionMask = 2147483647;
			files = (
			);
			runOnlyForDeploymentPostprocessing = 0;
		};
/* End PBXFrameworksBuildPhase section */

/* Begin PBXGroup section */
		3585E1F01E9513BD0031B223 = {
			isa = PBXGroup;
			children = (
				3585E1FB1E9513BF0031B223 /* gameofchats */,
				3585E2101E9513C20031B223 /* gameofchatsTests */,
				3585E21B1E9513C20031B223 /* gameofchatsUITests */,
				3585E1FA1E9513BF0031B223 /* Products */,
			);
			sourceTree = "<group>";
		};
		3585E1FA1E9513BF0031B223 /* Products */ = {
			isa = PBXGroup;
			children = (
				3585E1F91E9513BF0031B223 /* gameofchats.app */,
				3585E20D1E9513C20031B223 /* gameofchatsTests.xctest */,
				3585E2181E9513C20031B223 /* gameofchatsUITests.xctest */,
			);
			name = Products;
			sourceTree = "<group>";
		};
		3585E1FB1E9513BF0031B223 /* gameofchats */ = {
			isa = PBXGroup;
			children = (
				3585E1FC1E9513BF0031B223 /* AppDelegate.swift */,
				3585E1FE1E9513BF0031B223 /* ViewController.swift */,
				3585E2001E9513BF0031B223 /* Main.storyboard */,
				3585E2031E9513C00031B223 /* Assets.xcassets */,
				3585E2051E9513C00031B223 /* LaunchScreen.storyboard */,
				3585E2081E9513C00031B223 /* Info.plist */,
			);
			path = gameofchats;
			sourceTree = "<group>";
		};
		3585E2101E9513C20031B223 /* gameofchatsTests */ = {
			isa = PBXGroup;
			children = (
				3585E2111E9513C20031B223 /* gameofchatsTests.swift */,
				3585E2131E9513C20031B223 /* Info.plist */,
			);
			path = gameofchatsTests;
			sourceTree = "<group>";
		};
		3585E21B1E9513C20031B223 /* gameofchatsUITests */ = {
			isa = PBXGroup;
			children = (
				3585E21C1E9513C20031B223 /* gameofchatsUITests.swift */,
				3585E21E1E9513C20031B223 /* Info.plist */,
			);
			path = gameofchatsUITests;
			sourceTree = "<group>";
		};
/* End PBXGroup section */

/* Begin PBXNativeTarget section */
		3585E1F81E9513BE0031B223 /* gameofchats */ = {
			isa = PBXNativeTarget;
			buildConfigurationList = 3585E2211E9513C30031B223 /* Build configuration list for PBXNativeTarget "gameofchats" */;
			buildPhases = (
				3585E1F51E9513BE0031B223 /* Sources */,
				3585E1F61E9513BE0031B223 /* Frameworks */,
				3585E1F71E9513BE0031B223 /* Resources */,
			);
			buildRules = (
			);
			dependencies = (
			);
			name = gameofchats;
			productName = gameofchats;
			productReference = 3585E1F91E9513BF0031B223 /* gameofchats.app */;
			productType = "com.apple.product-type.application";
		};
		3585E20C1E9513C20031B223 /* gameofchatsTests */ = {
			isa = PBXNativeTarget;
			buildConfigurationList = 3585E2241E9513C30031B223 /* Build configuration list for PBXNativeTarget "gameofchatsTests" */;
			buildPhases = (
				3585E2091E9513C20031B223 /* Sources */,
				3585E20A1E9513C20031B223 /* Frameworks */,
				3585E20B1E9513C20031B223 /* Resources */,
			);
			buildRules = (
			);
			dependencies = (
				3585E20F1E9513C20031B223 /* PBXTargetDependency */,
			);
			name = gameofchatsTests;
			productName = gameofchatsTests;
			productReference = 3585E20D1E9513C20031B223 /* gameofchatsTests.xctest */;
			productType = "com.apple.product-type.bundle.unit-test";
		};
		3585E2171E9513C20031B223 /* gameofchatsUITests */ = {
			isa = PBXNativeTarget;
			buildConfigurationList = 3585E2271E9513C30031B223 /* Build configuration list for PBXNativeTarget "gameofchatsUITests" */;
			buildPhases = (
				3585E2141E9513C20031B223 /* Sources */,
				3585E2151E9513C20031B223 /* Frameworks */,
				3585E2161E9513C20031B223 /* Resources */,
			);
			buildRules = (
			);
			dependencies = (
				3585E21A1E9513C20031B223 /* PBXTargetDependency */,
			);
			name = gameofchatsUITests;
			productName = gameofchatsUITests;
			productReference = 3585E2181E9513C20031B223 /* gameofchatsUITests.xctest */;
			productType = "com.apple.product-type.bundle.ui-testing";
		};
/* End PBXNativeTarget section */

/* Begin PBXProject section */
		3585E1F11E9513BD0031B223 /* Project object */ = {
			isa = PBXProject;
			attributes = {
				LastSwiftUpdateCheck = 0830;
				LastUpgradeCheck = 0830;
				ORGANIZATIONNAME = "Harry Tennent";
				TargetAttributes = {
					3585E1F81E9513BE0031B223 = {
						CreatedOnToolsVersion = 8.3;
						ProvisioningStyle = Automatic;
					};
					3585E20C1E9513C20031B223 = {
						CreatedOnToolsVersion = 8.3;
						ProvisioningStyle = Automatic;
						TestTargetID = 3585E1F81E9513BE0031B223;
					};
					3585E2171E9513C20031B223 = {
						CreatedOnToolsVersion = 8.3;
						ProvisioningStyle = Automatic;
						TestTargetID = 3585E1F81E9513BE0031B223;
					};
				};
			};
			buildConfigurationList = 3585E1F41E9513BE0031B223 /* Build configuration list for PBXProject "gameofchats" */;
			compatibilityVersion = "Xcode 3.2";
			developmentRegion = English;
			hasScannedForEncodings = 0;
			knownRegions = (
				en,
				Base,
			);
			mainGroup = 3585E1F01E9513BD0031B223;
			productRefGroup = 3585E1FA1E9513BF0031B223 /* Products */;
			projectDirPath = "";
			projectRoot = "";
			targets = (
				3585E1F81E9513BE0031B223 /* gameofchats */,
				3585E20C1E9513C20031B223 /* gameofchatsTests */,
				3585E2171E9513C20031B223 /* gameofchatsUITests */,
			);
		};
/* End PBXProject section */

/* Begin PBXResourcesBuildPhase section */
		3585E1F71E9513BE0031B223 /* Resources */ = {
			isa = PBXResourcesBuildPhase;
			buildActionMask = 2147483647;
			files = (
				3585E2071E9513C00031B223 /* LaunchScreen.storyboard in Resources */,
				3585E2041E9513C00031B223 /* Assets.xcassets in Resources */,
				3585E2021E9513BF0031B223 /* Main.storyboard in Resources */,
			);
			runOnlyForDeploymentPostprocessing = 0;
		};
		3585E20B1E9513C20031B223 /* Resources */ = {
			isa = PBXResourcesBuildPhase;
			buildActionMask = 2147483647;
			files = (
			);
			runOnlyForDeploymentPostprocessing = 0;
		};
		3585E2161E9513C20031B223 /* Resources */ = {
			isa = PBXResourcesBuildPhase;
			buildActionMask = 2147483647;
			files = (
			);
			runOnlyForDeploymentPostprocessing = 0;
		};
/* End PBXResourcesBuildPhase section */

/* Begin PBXSourcesBuildPhase section */
		3585E1F51E9513BE0031B223 /* Sources */ = {
			isa = PBXSourcesBuildPhase;
			buildActionMask = 2147483647;
			files = (
				3585E1FF1E9513BF0031B223 /* ViewController.swift in Sources */,
				3585E1FD1E9513BF0031B223 /* AppDelegate.swift in Sources */,
			);
			runOnlyForDeploymentPostprocessing = 0;
		};
		3585E2091E9513C20031B223 /* Sources */ = {
			isa = PBXSourcesBuildPhase;
			buildActionMask = 2147483647;
			files = (
				3585E2121E9513C20031B223 /* gameofchatsTests.swift in Sources */,
			);
			runOnlyForDeploymentPostprocessing = 0;
		};
		3585E2141E9513C20031B223 /* Sources */ = {
			isa = PBXSourcesBuildPhase;
			buildActionMask = 2147483647;
			files = (
				3585E21D1E9513C20031B223 /* gameofchatsUITests.swift in Sources */,
			);
			runOnlyForDeploymentPostprocessing = 0;
		};
/* End PBXSourcesBuildPhase section */

/* Begin PBXTargetDependency section */
		3585E20F1E9513C20031B223 /* PBXTargetDependency */ = {
			isa = PBXTargetDependency;
			target = 3585E1F81E9513BE0031B223 /* gameofchats */;
			targetProxy = 3585E20E1E9513C20031B223 /* PBXContainerItemProxy */;
		};
		3585E21A1E9513C20031B223 /* PBXTargetDependency */ = {
			isa = PBXTargetDependency;
			target = 3585E1F81E9513BE0031B223 /* gameofchats */;
			targetProxy = 3585E2191E9513C20031B223 /* PBXContainerItemProxy */;
		};
/* End PBXTargetDependency section */

/* Begin PBXVariantGroup section */
		3585E2001E9513BF0031B223 /* Main.storyboard */ = {
			isa = PBXVariantGroup;
			children = (
				3585E2011E9513BF0031B223 /* Base */,
			);
			name = Main.storyboard;
			sourceTree = "<group>";
		};
		3585E2051E9513C00031B223 /* LaunchScreen.storyboard */ = {
			isa = PBXVariantGroup;
			children = (
				3585E2061E9513C00031B223 /* Base */,
			);
			name = LaunchScreen.storyboard;
			sourceTree = "<group>";
		};
/* End PBXVariantGroup section */

/* Begin XCBuildConfiguration section */
		3585E21F1E9513C30031B223 /* Debug */ = {
			isa = XCBuildConfiguration;
			buildSettings = {
				ALWAYS_SEARCH_USER_PATHS = NO;
				CLANG_ANALYZER_NONNULL = YES;
				CLANG_ANALYZER_NUMBER_OBJECT_CONVERSION = YES_AGGRESSIVE;
				CLANG_CXX_LANGUAGE_STANDARD = "gnu++0x";
				CLANG_CXX_LIBRARY = "libc++";
				CLANG_ENABLE_MODULES = YES;
				CLANG_ENABLE_OBJC_ARC = YES;
				CLANG_WARN_BOOL_CONVERSION = YES;
				CLANG_WARN_CONSTANT_CONVERSION = YES;
				CLANG_WARN_DIRECT_OBJC_ISA_USAGE = YES_ERROR;
				CLANG_WARN_DOCUMENTATION_COMMENTS = YES;
				CLANG_WARN_EMPTY_BODY = YES;
				CLANG_WARN_ENUM_CONVERSION = YES;
				CLANG_WARN_INFINITE_RECURSION = YES;
				CLANG_WARN_INT_CONVERSION = YES;
				CLANG_WARN_OBJC_ROOT_CLASS = YES_ERROR;
				CLANG_WARN_SUSPICIOUS_MOVE = YES;
				CLANG_WARN_UNREACHABLE_CODE = YES;
				CLANG_WARN__DUPLICATE_METHOD_MATCH = YES;
				"CODE_SIGN_IDENTITY[sdk=iphoneos*]" = "iPhone Developer";
				COPY_PHASE_STRIP = NO;
				DEBUG_INFORMATION_FORMAT = dwarf;
				ENABLE_STRICT_OBJC_MSGSEND = YES;
				ENABLE_TESTABILITY = YES;
				GCC_C_LANGUAGE_STANDARD = gnu99;
				GCC_DYNAMIC_NO_PIC = NO;
				GCC_NO_COMMON_BLOCKS = YES;
				GCC_OPTIMIZATION_LEVEL = 0;
				GCC_PREPROCESSOR_DEFINITIONS = (
					"DEBUG=1",
					"$(inherited)",
				);
				GCC_WARN_64_TO_32_BIT_CONVERSION = YES;
				GCC_WARN_ABOUT_RETURN_TYPE = YES_ERROR;
				GCC_WARN_UNDECLARED_SELECTOR = YES;
				GCC_WARN_UNINITIALIZED_AUTOS = YES_AGGRESSIVE;
				GCC_WARN_UNUSED_FUNCTION = YES;
				GCC_WARN_UNUSED_VARIABLE = YES;
				IPHONEOS_DEPLOYMENT_TARGET = 10.3;
				MTL_ENABLE_DEBUG_INFO = YES;
				ONLY_ACTIVE_ARCH = YES;
				SDKROOT = iphoneos;
				SWIFT_ACTIVE_COMPILATION_CONDITIONS = DEBUG;
				SWIFT_OPTIMIZATION_LEVEL = "-Onone";
				TARGETED_DEVICE_FAMILY = "1,2";
			};
			name = Debug;
		};
		3585E2201E9513C30031B223 /* Release */ = {
			isa = XCBuildConfiguration;
			buildSettings = {
				ALWAYS_SEARCH_USER_PATHS = NO;
				CLANG_ANALYZER_NONNULL = YES;
				CLANG_ANALYZER_NUMBER_OBJECT_CONVERSION = YES_AGGRESSIVE;
				CLANG_CXX_LANGUAGE_STANDARD = "gnu++0x";
				CLANG_CXX_LIBRARY = "libc++";
				CLANG_ENABLE_MODULES = YES;
				CLANG_ENABLE_OBJC_ARC = YES;
				CLANG_WARN_BOOL_CONVERSION = YES;
				CLANG_WARN_CONSTANT_CONVERSION = YES;
				CLANG_WARN_DIRECT_OBJC_ISA_USAGE = YES_ERROR;
				CLANG_WARN_DOCUMENTATION_COMMENTS = YES;
				CLANG_WARN_EMPTY_BODY = YES;
				CLANG_WARN_ENUM_CONVERSION = YES;
				CLANG_WARN_INFINITE_RECURSION = YES;
				CLANG_WARN_INT_CONVERSION = YES;
				CLANG_WARN_OBJC_ROOT_CLASS = YES_ERROR;
				CLANG_WARN_SUSPICIOUS_MOVE = YES;
				CLANG_WARN_UNREACHABLE_CODE = YES;
				CLANG_WARN__DUPLICATE_METHOD_MATCH = YES;
				"CODE_SIGN_IDENTITY[sdk=iphoneos*]" = "iPhone Developer";
				COPY_PHASE_STRIP = NO;
				DEBUG_INFORMATION_FORMAT = "dwarf-with-dsym";
				ENABLE_NS_ASSERTIONS = NO;
				ENABLE_STRICT_OBJC_MSGSEND = YES;
				GCC_C_LANGUAGE_STANDARD = gnu99;
				GCC_NO_COMMON_BLOCKS = YES;
				GCC_WARN_64_TO_32_BIT_CONVERSION = YES;
				GCC_WARN_ABOUT_RETURN_TYPE = YES_ERROR;
				GCC_WARN_UNDECLARED_SELECTOR = YES;
				GCC_WARN_UNINITIALIZED_AUTOS = YES_AGGRESSIVE;
				GCC_WARN_UNUSED_FUNCTION = YES;
				GCC_WARN_UNUSED_VARIABLE = YES;
				IPHONEOS_DEPLOYMENT_TARGET = 10.3;
				MTL_ENABLE_DEBUG_INFO = NO;
				SDKROOT = iphoneos;
				SWIFT_OPTIMIZATION_LEVEL = "-Owholemodule";
				TARGETED_DEVICE_FAMILY = "1,2";
				VALIDATE_PRODUCT = YES;
			};
			name = Release;
		};
		3585E2221E9513C30031B223 /* Debug */ = {
			isa = XCBuildConfiguration;
			buildSettings = {
				ASSETCATALOG_COMPILER_APPICON_NAME = AppIcon;
				INFOPLIST_FILE = gameofchats/Info.plist;
				LD_RUNPATH_SEARCH_PATHS = "$(inherited) @executable_path/Frameworks";
				PRODUCT_BUNDLE_IDENTIFIER = hjt.gameofchats;
				PRODUCT_NAME = "$(TARGET_NAME)";
				SWIFT_VERSION = 3.0;
			};
			name = Debug;
		};
		3585E2231E9513C30031B223 /* Release */ = {
			isa = XCBuildConfiguration;
			buildSettings = {
				ASSETCATALOG_COMPILER_APPICON_NAME = AppIcon;
				INFOPLIST_FILE = gameofchats/Info.plist;
				LD_RUNPATH_SEARCH_PATHS = "$(inherited) @executable_path/Frameworks";
				PRODUCT_BUNDLE_IDENTIFIER = hjt.gameofchats;
				PRODUCT_NAME = "$(TARGET_NAME)";
				SWIFT_VERSION = 3.0;
			};
			name = Release;
		};
		3585E2251E9513C30031B223 /* Debug */ = {
			isa = XCBuildConfiguration;
			buildSettings = {
				ALWAYS_EMBED_SWIFT_STANDARD_LIBRARIES = YES;
				BUNDLE_LOADER = "$(TEST_HOST)";
				INFOPLIST_FILE = gameofchatsTests/Info.plist;
				LD_RUNPATH_SEARCH_PATHS = "$(inherited) @executable_path/Frameworks @loader_path/Frameworks";
				PRODUCT_BUNDLE_IDENTIFIER = hjt.gameofchatsTests;
				PRODUCT_NAME = "$(TARGET_NAME)";
				SWIFT_VERSION = 3.0;
				TEST_HOST = "$(BUILT_PRODUCTS_DIR)/gameofchats.app/gameofchats";
			};
			name = Debug;
		};
		3585E2261E9513C30031B223 /* Release */ = {
			isa = XCBuildConfiguration;
			buildSettings = {
				ALWAYS_EMBED_SWIFT_STANDARD_LIBRARIES = YES;
				BUNDLE_LOADER = "$(TEST_HOST)";
				INFOPLIST_FILE = gameofchatsTests/Info.plist;
				LD_RUNPATH_SEARCH_PATHS = "$(inherited) @executable_path/Frameworks @loader_path/Frameworks";
				PRODUCT_BUNDLE_IDENTIFIER = hjt.gameofchatsTests;
				PRODUCT_NAME = "$(TARGET_NAME)";
				SWIFT_VERSION = 3.0;
				TEST_HOST = "$(BUILT_PRODUCTS_DIR)/gameofchats.app/gameofchats";
			};
			name = Release;
		};
		3585E2281E9513C30031B223 /* Debug */ = {
			isa = XCBuildConfiguration;
			buildSettings = {
				ALWAYS_EMBED_SWIFT_STANDARD_LIBRARIES = YES;
				INFOPLIST_FILE = gameofchatsUITests/Info.plist;
				LD_RUNPATH_SEARCH_PATHS = "$(inherited) @executable_path/Frameworks @loader_path/Frameworks";
				PRODUCT_BUNDLE_IDENTIFIER = hjt.gameofchatsUITests;
				PRODUCT_NAME = "$(TARGET_NAME)";
				SWIFT_VERSION = 3.0;
				TEST_TARGET_NAME = gameofchats;
			};
			name = Debug;
		};
		3585E2291E9513C30031B223 /* Release */ = {
			isa = XCBuildConfiguration;
			buildSettings = {
				ALWAYS_EMBED_SWIFT_STANDARD_LIBRARIES = YES;
				INFOPLIST_FILE = gameofchatsUITests/Info.plist;
				LD_RUNPATH_SEARCH_PATHS = "$(inherited) @executable_path/Frameworks @loader_path/Frameworks";
				PRODUCT_BUNDLE_IDENTIFIER = hjt.gameofchatsUITests;
				PRODUCT_NAME = "$(TARGET_NAME)";
				SWIFT_VERSION = 3.0;
				TEST_TARGET_NAME = gameofchats;
			};
			name = Release;
		};
/* End XCBuildConfiguration section */

/* Begin XCConfigurationList section */
		3585E1F41E9513BE0031B223 /* Build configuration list for PBXProject "gameofchats" */ = {
			isa = XCConfigurationList;
			buildConfigurations = (
				3585E21F1E9513C30031B223 /* Debug */,
				3585E2201E9513C30031B223 /* Release */,
			);
			defaultConfigurationIsVisible = 0;
			defaultConfigurationName = Release;
		};
		3585E2211E9513C30031B223 /* Build configuration list for PBXNativeTarget "gameofchats" */ = {
			isa = XCConfigurationList;
			buildConfigurations = (
				3585E2221E9513C30031B223 /* Debug */,
				3585E2231E9513C30031B223 /* Release */,
			);
			defaultConfigurationIsVisible = 0;
		};
		3585E2241E9513C30031B223 /* Build configuration list for PBXNativeTarget "gameofchatsTests" */ = {
			isa = XCConfigurationList;
			buildConfigurations = (
				3585E2251E9513C30031B223 /* Debug */,
				3585E2261E9513C30031B223 /* Release */,
			);
			defaultConfigurationIsVisible = 0;
		};
		3585E2271E9513C30031B223 /* Build configuration list for PBXNativeTarget "gameofchatsUITests" */ = {
			isa = XCConfigurationList;
			buildConfigurations = (
				3585E2281E9513C30031B223 /* Debug */,
				3585E2291E9513C30031B223 /* Release */,
			);
			defaultConfigurationIsVisible = 0;
		};
/* End XCConfigurationList section */
	};
	rootObject = 3585E1F11E9513BD0031B223 /* Project object */;
}
